
Microsoft Visual Studio Solution File, Format Version 12.00
# Visual Studio 15
VisualStudioVersion = 15.0.27130.2003
MinimumVisualStudioVersion = 10.0.40219.1
Project("{E24C65DC-7377-472B-9ABA-BC803B73C61A}") = "cicd-docs", ".", "{4F63E008-824A-4234-A2E5-DAACA19722D8}"
	ProjectSection(WebsiteProperties) = preProject
		TargetFrameworkMoniker = ".NETFramework,Version%3Dv4.0"
		Debug.AspNetCompiler.VirtualPath = "/localhost_56736"
		Debug.AspNetCompiler.PhysicalPath = "..\cicd-docs\"
		Debug.AspNetCompiler.TargetPath = "PrecompiledWeb\localhost_56736\"
		Debug.AspNetCompiler.Updateable = "true"
		Debug.AspNetCompiler.ForceOverwrite = "true"
		Debug.AspNetCompiler.FixedNames = "false"
		Debug.AspNetCompiler.Debug = "True"
		Release.AspNetCompiler.VirtualPath = "/localhost_56736"
		Release.AspNetCompiler.PhysicalPath = "..\cicd-docs\"
		Release.AspNetCompiler.TargetPath = "PrecompiledWeb\localhost_56736\"
		Release.AspNetCompiler.Updateable = "true"
		Release.AspNetCompiler.ForceOverwrite = "true"
		Release.AspNetCompiler.FixedNames = "false"
		Release.AspNetCompiler.Debug = "False"
		VWDPort = "56736"
		SlnRelativePath = "..\cicd-docs\"
	EndProjectSection
EndProject
Project("{FAE04EC0-301F-11D3-BF4B-00C04F79EFBC}") = "cicd-docs.test", "cicd-docs.test\cicd-docs.test.csproj", "{FD039786-F6B8-4380-9C06-81656778309E}"
EndProject
Global
	GlobalSection(SolutionConfigurationPlatforms) = preSolution
		Debug|Any CPU = Debug|Any CPU
		Release|Any CPU = Release|Any CPU
	EndGlobalSection
	GlobalSection(ProjectConfigurationPlatforms) = postSolution
		{4F63E008-824A-4234-A2E5-DAACA19722D8}.Debug|Any CPU.ActiveCfg = Debug|Any CPU
		{4F63E008-824A-4234-A2E5-DAACA19722D8}.Debug|Any CPU.Build.0 = Debug|Any CPU
		{4F63E008-824A-4234-A2E5-DAACA19722D8}.Release|Any CPU.ActiveCfg = Debug|Any CPU
		{4F63E008-824A-4234-A2E5-DAACA19722D8}.Release|Any CPU.Build.0 = Debug|Any CPU
		{FD039786-F6B8-4380-9C06-81656778309E}.Debug|Any CPU.ActiveCfg = Debug|Any CPU
		{FD039786-F6B8-4380-9C06-81656778309E}.Debug|Any CPU.Build.0 = Debug|Any CPU
		{FD039786-F6B8-4380-9C06-81656778309E}.Release|Any CPU.ActiveCfg = Release|Any CPU
		{FD039786-F6B8-4380-9C06-81656778309E}.Release|Any CPU.Build.0 = Release|Any CPU
	EndGlobalSection
	GlobalSection(SolutionProperties) = preSolution
		HideSolutionNode = FALSE
	EndGlobalSection
	GlobalSection(ExtensibilityGlobals) = postSolution
		SolutionGuid = {EF928870-A83E-41A6-82C8-8884F5E73560}
	EndGlobalSection
EndGlobal
